
Microsoft Visual Studio Solution File, Format Version 11.00
# Visual C# Express 2010
Project("{FAE04EC0-301F-11D3-BF4B-00C04F79EFBC}") = "NCraft", "NCraft\NCraft.csproj", "{FCEA8BAB-93E7-4CD2-9CE9-A44A4422E997}"
EndProject
Project("{FAE04EC0-301F-11D3-BF4B-00C04F79EFBC}") = "NCraft.Test", "NCraft.Test\NCraft.Test.csproj", "{826EBCB3-9F9D-4C5C-A975-942441BFD16F}"
EndProject
Project("{FAE04EC0-301F-11D3-BF4B-00C04F79EFBC}") = "NCraft.Console.Test", "NCraft.Console.Test\NCraft.Console.Test.csproj", "{95DD7DE7-CAB8-42BA-958D-D4E92C605F20}"
EndProject
Global
	GlobalSection(SolutionConfigurationPlatforms) = preSolution
		Debug|Any CPU = Debug|Any CPU
		Debug|Mixed Platforms = Debug|Mixed Platforms
		Debug|x86 = Debug|x86
		Release|Any CPU = Release|Any CPU
		Release|Mixed Platforms = Release|Mixed Platforms
		Release|x86 = Release|x86
	EndGlobalSection
	GlobalSection(ProjectConfigurationPlatforms) = postSolution
		{FCEA8BAB-93E7-4CD2-9CE9-A44A4422E997}.Debug|Any CPU.ActiveCfg = Debug|Any CPU
		{FCEA8BAB-93E7-4CD2-9CE9-A44A4422E997}.Debug|Any CPU.Build.0 = Debug|Any CPU
		{FCEA8BAB-93E7-4CD2-9CE9-A44A4422E997}.Debug|Mixed Platforms.ActiveCfg = Debug|Any CPU
		{FCEA8BAB-93E7-4CD2-9CE9-A44A4422E997}.Debug|Mixed Platforms.Build.0 = Debug|Any CPU
		{FCEA8BAB-93E7-4CD2-9CE9-A44A4422E997}.Debug|x86.ActiveCfg = Debug|Any CPU
		{FCEA8BAB-93E7-4CD2-9CE9-A44A4422E997}.Release|Any CPU.ActiveCfg = Release|Any CPU
		{FCEA8BAB-93E7-4CD2-9CE9-A44A4422E997}.Release|Any CPU.Build.0 = Release|Any CPU
		{FCEA8BAB-93E7-4CD2-9CE9-A44A4422E997}.Release|Mixed Platforms.ActiveCfg = Release|Any CPU
		{FCEA8BAB-93E7-4CD2-9CE9-A44A4422E997}.Release|Mixed Platforms.Build.0 = Release|Any CPU
		{FCEA8BAB-93E7-4CD2-9CE9-A44A4422E997}.Release|x86.ActiveCfg = Release|Any CPU
		{826EBCB3-9F9D-4C5C-A975-942441BFD16F}.Debug|Any CPU.ActiveCfg = Debug|Any CPU
		{826EBCB3-9F9D-4C5C-A975-942441BFD16F}.Debug|Any CPU.Build.0 = Debug|Any CPU
		{826EBCB3-9F9D-4C5C-A975-942441BFD16F}.Debug|Mixed Platforms.ActiveCfg = Debug|Any CPU
		{826EBCB3-9F9D-4C5C-A975-942441BFD16F}.Debug|Mixed Platforms.Build.0 = Debug|Any CPU
		{826EBCB3-9F9D-4C5C-A975-942441BFD16F}.Debug|x86.ActiveCfg = Debug|Any CPU
		{826EBCB3-9F9D-4C5C-A975-942441BFD16F}.Release|Any CPU.ActiveCfg = Release|Any CPU
		{826EBCB3-9F9D-4C5C-A975-942441BFD16F}.Release|Any CPU.Build.0 = Release|Any CPU
		{826EBCB3-9F9D-4C5C-A975-942441BFD16F}.Release|Mixed Platforms.ActiveCfg = Release|Any CPU
		{826EBCB3-9F9D-4C5C-A975-942441BFD16F}.Release|Mixed Platforms.Build.0 = Release|Any CPU
		{826EBCB3-9F9D-4C5C-A975-942441BFD16F}.Release|x86.ActiveCfg = Release|Any CPU
		{95DD7DE7-CAB8-42BA-958D-D4E92C605F20}.Debug|Any CPU.ActiveCfg = Debug|x86
		{95DD7DE7-CAB8-42BA-958D-D4E92C605F20}.Debug|Mixed Platforms.ActiveCfg = Debug|x86
		{95DD7DE7-CAB8-42BA-958D-D4E92C605F20}.Debug|Mixed Platforms.Build.0 = Debug|x86
		{95DD7DE7-CAB8-42BA-958D-D4E92C605F20}.Debug|x86.ActiveCfg = Debug|x86
		{95DD7DE7-CAB8-42BA-958D-D4E92C605F20}.Debug|x86.Build.0 = Debug|x86
		{95DD7DE7-CAB8-42BA-958D-D4E92C605F20}.Release|Any CPU.ActiveCfg = Release|x86
		{95DD7DE7-CAB8-42BA-958D-D4E92C605F20}.Release|Mixed Platforms.ActiveCfg = Release|x86
		{95DD7DE7-CAB8-42BA-958D-D4E92C605F20}.Release|Mixed Platforms.Build.0 = Release|x86
		{95DD7DE7-CAB8-42BA-958D-D4E92C605F20}.Release|x86.ActiveCfg = Release|x86
		{95DD7DE7-CAB8-42BA-958D-D4E92C605F20}.Release|x86.Build.0 = Release|x86
	EndGlobalSection
	GlobalSection(SolutionProperties) = preSolution
		HideSolutionNode = FALSE
	EndGlobalSection
EndGlobal
